
Microsoft Visual Studio Solution File, Format Version 12.00
# Visual Studio Version 17
VisualStudioVersion = 17.5.33424.131
MinimumVisualStudioVersion = 10.0.40219.1
Project("{9A19103F-16F7-4668-BE54-9A1E7A4F7556}") = "FIX LOGIN REGISTER", "FIX LOGIN REGISTER\FIX LOGIN REGISTER.csproj", "{63A92721-5055-405E-B818-588C4DD0529B}"
EndProject
Global
	GlobalSection(SolutionConfigurationPlatforms) = preSolution
		Debug|Any CPU = Debug|Any CPU
		Release|Any CPU = Release|Any CPU
	EndGlobalSection
	GlobalSection(ProjectConfigurationPlatforms) = postSolution
		{63A92721-5055-405E-B818-588C4DD0529B}.Debug|Any CPU.ActiveCfg = Debug|Any CPU
		{63A92721-5055-405E-B818-588C4DD0529B}.Debug|Any CPU.Build.0 = Debug|Any CPU
		{63A92721-5055-405E-B818-588C4DD0529B}.Release|Any CPU.ActiveCfg = Release|Any CPU
		{63A92721-5055-405E-B818-588C4DD0529B}.Release|Any CPU.Build.0 = Release|Any CPU
	EndGlobalSection
	GlobalSection(SolutionProperties) = preSolution
		HideSolutionNode = FALSE
	EndGlobalSection
	GlobalSection(ExtensibilityGlobals) = postSolution
		SolutionGuid = {2C899E21-2A60-40B1-AF84-99C1C4B34464}
	EndGlobalSection
EndGlobal
